
Microsoft Visual Studio Solution File, Format Version 12.00
# Visual Studio Version 17
VisualStudioVersion = 17.1.32414.318
MinimumVisualStudioVersion = 10.0.40219.1
Project("{8BC9CEB8-8B4A-11D0-8D11-00A0C91BC942}") = "OOP", "OOP\OOP.vcxproj", "{8FD51311-D5D3-4821-B553-D480E2A10730}"
EndProject
Project("{8BC9CEB8-8B4A-11D0-8D11-00A0C91BC942}") = "OOP2", "OOP2\OOP2.vcxproj", "{307072F8-FD46-42A7-9529-EF925964DCD1}"
EndProject
Project("{8BC9CEB8-8B4A-11D0-8D11-00A0C91BC942}") = "OOP3", "OOP3\OOP3.vcxproj", "{A8A0239A-C4F5-43E5-8EE7-CA41745407FC}"
EndProject
Project("{8BC9CEB8-8B4A-11D0-8D11-00A0C91BC942}") = "OOP3.2", "OOP3.2\OOP3.2.vcxproj", "{50002521-7737-4B6D-B092-0963F0C31C24}"
EndProject
Project("{8BC9CEB8-8B4A-11D0-8D11-00A0C91BC942}") = "OOP4", "OOP4\OOP4.vcxproj", "{50A711EC-6088-46FE-B2E0-F46CE2C22053}"
EndProject
Project("{8BC9CEB8-8B4A-11D0-8D11-00A0C91BC942}") = "OOP5.1", "OOP5.1\OOP5.1.vcxproj", "{F58F5235-18A5-4D7C-86A3-ED1C7B49294F}"
EndProject
Project("{8BC9CEB8-8B4A-11D0-8D11-00A0C91BC942}") = "OOP5.2", "OOP5.2\OOP5.2.vcxproj", "{202DC537-E6FA-45D2-BF78-849CBCA19BA8}"
EndProject
Project("{8BC9CEB8-8B4A-11D0-8D11-00A0C91BC942}") = "OOP5.3", "OOP5.3\OOP5.3.vcxproj", "{A924386A-697C-4A0B-88EA-357D9290DF21}"
EndProject
Global
	GlobalSection(SolutionConfigurationPlatforms) = preSolution
		Debug|x64 = Debug|x64
		Debug|x86 = Debug|x86
		Release|x64 = Release|x64
		Release|x86 = Release|x86
	EndGlobalSection
	GlobalSection(ProjectConfigurationPlatforms) = postSolution
		{8FD51311-D5D3-4821-B553-D480E2A10730}.Debug|x64.ActiveCfg = Debug|x64
		{8FD51311-D5D3-4821-B553-D480E2A10730}.Debug|x64.Build.0 = Debug|x64
		{8FD51311-D5D3-4821-B553-D480E2A10730}.Debug|x86.ActiveCfg = Debug|Win32
		{8FD51311-D5D3-4821-B553-D480E2A10730}.Debug|x86.Build.0 = Debug|Win32
		{8FD51311-D5D3-4821-B553-D480E2A10730}.Release|x64.ActiveCfg = Release|x64
		{8FD51311-D5D3-4821-B553-D480E2A10730}.Release|x64.Build.0 = Release|x64
		{8FD51311-D5D3-4821-B553-D480E2A10730}.Release|x86.ActiveCfg = Release|Win32
		{8FD51311-D5D3-4821-B553-D480E2A10730}.Release|x86.Build.0 = Release|Win32
		{307072F8-FD46-42A7-9529-EF925964DCD1}.Debug|x64.ActiveCfg = Debug|x64
		{307072F8-FD46-42A7-9529-EF925964DCD1}.Debug|x64.Build.0 = Debug|x64
		{307072F8-FD46-42A7-9529-EF925964DCD1}.Debug|x86.ActiveCfg = Debug|Win32
		{307072F8-FD46-42A7-9529-EF925964DCD1}.Debug|x86.Build.0 = Debug|Win32
		{307072F8-FD46-42A7-9529-EF925964DCD1}.Release|x64.ActiveCfg = Release|x64
		{307072F8-FD46-42A7-9529-EF925964DCD1}.Release|x64.Build.0 = Release|x64
		{307072F8-FD46-42A7-9529-EF925964DCD1}.Release|x86.ActiveCfg = Release|Win32
		{307072F8-FD46-42A7-9529-EF925964DCD1}.Release|x86.Build.0 = Release|Win32
		{A8A0239A-C4F5-43E5-8EE7-CA41745407FC}.Debug|x64.ActiveCfg = Debug|x64
		{A8A0239A-C4F5-43E5-8EE7-CA41745407FC}.Debug|x64.Build.0 = Debug|x64
		{A8A0239A-C4F5-43E5-8EE7-CA41745407FC}.Debug|x86.ActiveCfg = Debug|Win32
		{A8A0239A-C4F5-43E5-8EE7-CA41745407FC}.Debug|x86.Build.0 = Debug|Win32
		{A8A0239A-C4F5-43E5-8EE7-CA41745407FC}.Release|x64.ActiveCfg = Release|x64
		{A8A0239A-C4F5-43E5-8EE7-CA41745407FC}.Release|x64.Build.0 = Release|x64
		{A8A0239A-C4F5-43E5-8EE7-CA41745407FC}.Release|x86.ActiveCfg = Release|Win32
		{A8A0239A-C4F5-43E5-8EE7-CA41745407FC}.Release|x86.Build.0 = Release|Win32
		{50002521-7737-4B6D-B092-0963F0C31C24}.Debug|x64.ActiveCfg = Debug|x64
		{50002521-7737-4B6D-B092-0963F0C31C24}.Debug|x64.Build.0 = Debug|x64
		{50002521-7737-4B6D-B092-0963F0C31C24}.Debug|x86.ActiveCfg = Debug|Win32
		{50002521-7737-4B6D-B092-0963F0C31C24}.Debug|x86.Build.0 = Debug|Win32
		{50002521-7737-4B6D-B092-0963F0C31C24}.Release|x64.ActiveCfg = Release|x64
		{50002521-7737-4B6D-B092-0963F0C31C24}.Release|x64.Build.0 = Release|x64
		{50002521-7737-4B6D-B092-0963F0C31C24}.Release|x86.ActiveCfg = Release|Win32
		{50002521-7737-4B6D-B092-0963F0C31C24}.Release|x86.Build.0 = Release|Win32
		{50A711EC-6088-46FE-B2E0-F46CE2C22053}.Debug|x64.ActiveCfg = Debug|x64
		{50A711EC-6088-46FE-B2E0-F46CE2C22053}.Debug|x64.Build.0 = Debug|x64
		{50A711EC-6088-46FE-B2E0-F46CE2C22053}.Debug|x86.ActiveCfg = Debug|Win32
		{50A711EC-6088-46FE-B2E0-F46CE2C22053}.Debug|x86.Build.0 = Debug|Win32
		{50A711EC-6088-46FE-B2E0-F46CE2C22053}.Release|x64.ActiveCfg = Release|x64
		{50A711EC-6088-46FE-B2E0-F46CE2C22053}.Release|x64.Build.0 = Release|x64
		{50A711EC-6088-46FE-B2E0-F46CE2C22053}.Release|x86.ActiveCfg = Release|Win32
		{50A711EC-6088-46FE-B2E0-F46CE2C22053}.Release|x86.Build.0 = Release|Win32
		{F58F5235-18A5-4D7C-86A3-ED1C7B49294F}.Debug|x64.ActiveCfg = Debug|x64
		{F58F5235-18A5-4D7C-86A3-ED1C7B49294F}.Debug|x64.Build.0 = Debug|x64
		{F58F5235-18A5-4D7C-86A3-ED1C7B49294F}.Debug|x86.ActiveCfg = Debug|Win32
		{F58F5235-18A5-4D7C-86A3-ED1C7B49294F}.Debug|x86.Build.0 = Debug|Win32
		{F58F5235-18A5-4D7C-86A3-ED1C7B49294F}.Release|x64.ActiveCfg = Release|x64
		{F58F5235-18A5-4D7C-86A3-ED1C7B49294F}.Release|x64.Build.0 = Release|x64
		{F58F5235-18A5-4D7C-86A3-ED1C7B49294F}.Release|x86.ActiveCfg = Release|Win32
		{F58F5235-18A5-4D7C-86A3-ED1C7B49294F}.Release|x86.Build.0 = Release|Win32
		{202DC537-E6FA-45D2-BF78-849CBCA19BA8}.Debug|x64.ActiveCfg = Debug|x64
		{202DC537-E6FA-45D2-BF78-849CBCA19BA8}.Debug|x64.Build.0 = Debug|x64
		{202DC537-E6FA-45D2-BF78-849CBCA19BA8}.Debug|x86.ActiveCfg = Debug|Win32
		{202DC537-E6FA-45D2-BF78-849CBCA19BA8}.Debug|x86.Build.0 = Debug|Win32
		{202DC537-E6FA-45D2-BF78-849CBCA19BA8}.Release|x64.ActiveCfg = Release|x64
		{202DC537-E6FA-45D2-BF78-849CBCA19BA8}.Release|x64.Build.0 = Release|x64
		{202DC537-E6FA-45D2-BF78-849CBCA19BA8}.Release|x86.ActiveCfg = Release|Win32
		{202DC537-E6FA-45D2-BF78-849CBCA19BA8}.Release|x86.Build.0 = Release|Win32
		{A924386A-697C-4A0B-88EA-357D9290DF21}.Debug|x64.ActiveCfg = Debug|x64
		{A924386A-697C-4A0B-88EA-357D9290DF21}.Debug|x64.Build.0 = Debug|x64
		{A924386A-697C-4A0B-88EA-357D9290DF21}.Debug|x86.ActiveCfg = Debug|Win32
		{A924386A-697C-4A0B-88EA-357D9290DF21}.Debug|x86.Build.0 = Debug|Win32
		{A924386A-697C-4A0B-88EA-357D9290DF21}.Release|x64.ActiveCfg = Release|x64
		{A924386A-697C-4A0B-88EA-357D9290DF21}.Release|x64.Build.0 = Release|x64
		{A924386A-697C-4A0B-88EA-357D9290DF21}.Release|x86.ActiveCfg = Release|Win32
		{A924386A-697C-4A0B-88EA-357D9290DF21}.Release|x86.Build.0 = Release|Win32
	EndGlobalSection
	GlobalSection(SolutionProperties) = preSolution
		HideSolutionNode = FALSE
	EndGlobalSection
	GlobalSection(ExtensibilityGlobals) = postSolution
		SolutionGuid = {14300356-D6BE-468E-80FD-47B0088229E8}
	EndGlobalSection
EndGlobal
